// !$*UTF8*$!
{
	archiveVersion = 1;
	classes = {
	};
	objectVersion = 50;
	objects = {

/* Begin PBXBuildFile section */
		EBD9BA1A246C3E1600B984C6 /* AppDelegate.swift in Sources */ = {isa = PBXBuildFile; fileRef = EBD9BA19246C3E1600B984C6 /* AppDelegate.swift */; };
		EBD9BA1C246C3E1600B984C6 /* SceneDelegate.swift in Sources */ = {isa = PBXBuildFile; fileRef = EBD9BA1B246C3E1600B984C6 /* SceneDelegate.swift */; };
		EBD9BA21246C3E1600B984C6 /* Main.storyboard in Resources */ = {isa = PBXBuildFile; fileRef = EBD9BA1F246C3E1600B984C6 /* Main.storyboard */; };
		EBD9BA24246C3E1600B984C6 /* _1MyMemory.xcdatamodeld in Sources */ = {isa = PBXBuildFile; fileRef = EBD9BA22246C3E1600B984C6 /* _1MyMemory.xcdatamodeld */; };
		EBD9BA26246C3E1700B984C6 /* Assets.xcassets in Resources */ = {isa = PBXBuildFile; fileRef = EBD9BA25246C3E1700B984C6 /* Assets.xcassets */; };
		EBD9BA29246C3E1700B984C6 /* LaunchScreen.storyboard in Resources */ = {isa = PBXBuildFile; fileRef = EBD9BA27246C3E1700B984C6 /* LaunchScreen.storyboard */; };
		EBD9BA31246C4B6000B984C6 /* MemoListVC.swift in Sources */ = {isa = PBXBuildFile; fileRef = EBD9BA30246C4B6000B984C6 /* MemoListVC.swift */; };
		EBD9BA33246C4B9700B984C6 /* MemoFormVC.swift in Sources */ = {isa = PBXBuildFile; fileRef = EBD9BA32246C4B9700B984C6 /* MemoFormVC.swift */; };
		EBD9BA35246C4BA800B984C6 /* MemoReadVC.swift in Sources */ = {isa = PBXBuildFile; fileRef = EBD9BA34246C4BA800B984C6 /* MemoReadVC.swift */; };
		EBD9BA37246C4C1D00B984C6 /* MemoCell.swift in Sources */ = {isa = PBXBuildFile; fileRef = EBD9BA36246C4C1D00B984C6 /* MemoCell.swift */; };
		EBD9BA39246C4C6100B984C6 /* MemoData.swift in Sources */ = {isa = PBXBuildFile; fileRef = EBD9BA38246C4C6100B984C6 /* MemoData.swift */; };
/* End PBXBuildFile section */

/* Begin PBXFileReference section */
		EBD9BA16246C3E1600B984C6 /* 01MyMemory.app */ = {isa = PBXFileReference; explicitFileType = wrapper.application; includeInIndex = 0; path = 01MyMemory.app; sourceTree = BUILT_PRODUCTS_DIR; };
		EBD9BA19246C3E1600B984C6 /* AppDelegate.swift */ = {isa = PBXFileReference; lastKnownFileType = sourcecode.swift; path = AppDelegate.swift; sourceTree = "<group>"; };
		EBD9BA1B246C3E1600B984C6 /* SceneDelegate.swift */ = {isa = PBXFileReference; lastKnownFileType = sourcecode.swift; path = SceneDelegate.swift; sourceTree = "<group>"; };
		EBD9BA20246C3E1600B984C6 /* Base */ = {isa = PBXFileReference; lastKnownFileType = file.storyboard; name = Base; path = Base.lproj/Main.storyboard; sourceTree = "<group>"; };
		EBD9BA23246C3E1600B984C6 /* _1MyMemory.xcdatamodel */ = {isa = PBXFileReference; lastKnownFileType = wrapper.xcdatamodel; path = _1MyMemory.xcdatamodel; sourceTree = "<group>"; };
		EBD9BA25246C3E1700B984C6 /* Assets.xcassets */ = {isa = PBXFileReference; lastKnownFileType = folder.assetcatalog; path = Assets.xcassets; sourceTree = "<group>"; };
		EBD9BA28246C3E1700B984C6 /* Base */ = {isa = PBXFileReference; lastKnownFileType = file.storyboard; name = Base; path = Base.lproj/LaunchScreen.storyboard; sourceTree = "<group>"; };
		EBD9BA2A246C3E1700B984C6 /* Info.plist */ = {isa = PBXFileReference; lastKnownFileType = text.plist.xml; path = Info.plist; sourceTree = "<group>"; };
		EBD9BA30246C4B6000B984C6 /* MemoListVC.swift */ = {isa = PBXFileReference; lastKnownFileType = sourcecode.swift; path = MemoListVC.swift; sourceTree = "<group>"; };
		EBD9BA32246C4B9700B984C6 /* MemoFormVC.swift */ = {isa = PBXFileReference; lastKnownFileType = sourcecode.swift; path = MemoFormVC.swift; sourceTree = "<group>"; };
		EBD9BA34246C4BA800B984C6 /* MemoReadVC.swift */ = {isa = PBXFileReference; lastKnownFileType = sourcecode.swift; path = MemoReadVC.swift; sourceTree = "<group>"; };
		EBD9BA36246C4C1D00B984C6 /* MemoCell.swift */ = {isa = PBXFileReference; lastKnownFileType = sourcecode.swift; path = MemoCell.swift; sourceTree = "<group>"; };
		EBD9BA38246C4C6100B984C6 /* MemoData.swift */ = {isa = PBXFileReference; lastKnownFileType = sourcecode.swift; path = MemoData.swift; sourceTree = "<group>"; };
/* End PBXFileReference section */

/* Begin PBXFrameworksBuildPhase section */
		EBD9BA13246C3E1600B984C6 /* Frameworks */ = {
			isa = PBXFrameworksBuildPhase;
			buildActionMask = 2147483647;
			files = (
			);
			runOnlyForDeploymentPostprocessing = 0;
		};
/* End PBXFrameworksBuildPhase section */

/* Begin PBXGroup section */
		EBD9BA0D246C3E1600B984C6 = {
			isa = PBXGroup;
			children = (
				EBD9BA18246C3E1600B984C6 /* 01MyMemory */,
				EBD9BA17246C3E1600B984C6 /* Products */,
			);
			sourceTree = "<group>";
		};
		EBD9BA17246C3E1600B984C6 /* Products */ = {
			isa = PBXGroup;
			children = (
				EBD9BA16246C3E1600B984C6 /* 01MyMemory.app */,
			);
			name = Products;
			sourceTree = "<group>";
		};
		EBD9BA18246C3E1600B984C6 /* 01MyMemory */ = {
			isa = PBXGroup;
			children = (
				EBD9BA19246C3E1600B984C6 /* AppDelegate.swift */,
				EBD9BA1B246C3E1600B984C6 /* SceneDelegate.swift */,
				EBD9BA1F246C3E1600B984C6 /* Main.storyboard */,
				EBD9BA25246C3E1700B984C6 /* Assets.xcassets */,
				EBD9BA27246C3E1700B984C6 /* LaunchScreen.storyboard */,
				EBD9BA2A246C3E1700B984C6 /* Info.plist */,
				EBD9BA22246C3E1600B984C6 /* _1MyMemory.xcdatamodeld */,
				EBD9BA30246C4B6000B984C6 /* MemoListVC.swift */,
				EBD9BA32246C4B9700B984C6 /* MemoFormVC.swift */,
				EBD9BA34246C4BA800B984C6 /* MemoReadVC.swift */,
				EBD9BA36246C4C1D00B984C6 /* MemoCell.swift */,
				EBD9BA38246C4C6100B984C6 /* MemoData.swift */,
			);
			path = 01MyMemory;
			sourceTree = "<group>";
		};
/* End PBXGroup section */

/* Begin PBXNativeTarget section */
		EBD9BA15246C3E1600B984C6 /* 01MyMemory */ = {
			isa = PBXNativeTarget;
			buildConfigurationList = EBD9BA2D246C3E1700B984C6 /* Build configuration list for PBXNativeTarget "01MyMemory" */;
			buildPhases = (
				EBD9BA12246C3E1600B984C6 /* Sources */,
				EBD9BA13246C3E1600B984C6 /* Frameworks */,
				EBD9BA14246C3E1600B984C6 /* Resources */,
			);
			buildRules = (
			);
			dependencies = (
			);
			name = 01MyMemory;
			productName = 01MyMemory;
			productReference = EBD9BA16246C3E1600B984C6 /* 01MyMemory.app */;
			productType = "com.apple.product-type.application";
		};
/* End PBXNativeTarget section */

/* Begin PBXProject section */
		EBD9BA0E246C3E1600B984C6 /* Project object */ = {
			isa = PBXProject;
			attributes = {
				LastSwiftUpdateCheck = 1130;
				LastUpgradeCheck = 1130;
				ORGANIZATIONNAME = "김민영";
				TargetAttributes = {
					EBD9BA15246C3E1600B984C6 = {
						CreatedOnToolsVersion = 11.3.1;
					};
				};
			};
			buildConfigurationList = EBD9BA11246C3E1600B984C6 /* Build configuration list for PBXProject "01MyMemory" */;
			compatibilityVersion = "Xcode 9.3";
			developmentRegion = en;
			hasScannedForEncodings = 0;
			knownRegions = (
				en,
				Base,
			);
			mainGroup = EBD9BA0D246C3E1600B984C6;
			productRefGroup = EBD9BA17246C3E1600B984C6 /* Products */;
			projectDirPath = "";
			projectRoot = "";
			targets = (
				EBD9BA15246C3E1600B984C6 /* 01MyMemory */,
			);
		};
/* End PBXProject section */

/* Begin PBXResourcesBuildPhase section */
		EBD9BA14246C3E1600B984C6 /* Resources */ = {
			isa = PBXResourcesBuildPhase;
			buildActionMask = 2147483647;
			files = (
				EBD9BA29246C3E1700B984C6 /* LaunchScreen.storyboard in Resources */,
				EBD9BA26246C3E1700B984C6 /* Assets.xcassets in Resources */,
				EBD9BA21246C3E1600B984C6 /* Main.storyboard in Resources */,
			);
			runOnlyForDeploymentPostprocessing = 0;
		};
/* End PBXResourcesBuildPhase section */

/* Begin PBXSourcesBuildPhase section */
		EBD9BA12246C3E1600B984C6 /* Sources */ = {
			isa = PBXSourcesBuildPhase;
			buildActionMask = 2147483647;
			files = (
				EBD9BA37246C4C1D00B984C6 /* MemoCell.swift in Sources */,
				EBD9BA39246C4C6100B984C6 /* MemoData.swift in Sources */,
				EBD9BA31246C4B6000B984C6 /* MemoListVC.swift in Sources */,
				EBD9BA33246C4B9700B984C6 /* MemoFormVC.swift in Sources */,
				EBD9BA35246C4BA800B984C6 /* MemoReadVC.swift in Sources */,
				EBD9BA1A246C3E1600B984C6 /* AppDelegate.swift in Sources */,
				EBD9BA24246C3E1600B984C6 /* _1MyMemory.xcdatamodeld in Sources */,
				EBD9BA1C246C3E1600B984C6 /* SceneDelegate.swift in Sources */,
			);
			runOnlyForDeploymentPostprocessing = 0;
		};
/* End PBXSourcesBuildPhase section */

/* Begin PBXVariantGroup section */
		EBD9BA1F246C3E1600B984C6 /* Main.storyboard */ = {
			isa = PBXVariantGroup;
			children = (
				EBD9BA20246C3E1600B984C6 /* Base */,
			);
			name = Main.storyboard;
			sourceTree = "<group>";
		};
		EBD9BA27246C3E1700B984C6 /* LaunchScreen.storyboard */ = {
			isa = PBXVariantGroup;
			children = (
				EBD9BA28246C3E1700B984C6 /* Base */,
			);
			name = LaunchScreen.storyboard;
			sourceTree = "<group>";
		};
/* End PBXVariantGroup section */

/* Begin XCBuildConfiguration section */
		EBD9BA2B246C3E1700B984C6 /* Debug */ = {
			isa = XCBuildConfiguration;
			buildSettings = {
				ALWAYS_SEARCH_USER_PATHS = NO;
				CLANG_ANALYZER_NONNULL = YES;
				CLANG_ANALYZER_NUMBER_OBJECT_CONVERSION = YES_AGGRESSIVE;
				CLANG_CXX_LANGUAGE_STANDARD = "gnu++14";
				CLANG_CXX_LIBRARY = "libc++";
				CLANG_ENABLE_MODULES = YES;
				CLANG_ENABLE_OBJC_ARC = YES;
				CLANG_ENABLE_OBJC_WEAK = YES;
				CLANG_WARN_BLOCK_CAPTURE_AUTORELEASING = YES;
				CLANG_WARN_BOOL_CONVERSION = YES;
				CLANG_WARN_COMMA = YES;
				CLANG_WARN_CONSTANT_CONVERSION = YES;
				CLANG_WARN_DEPRECATED_OBJC_IMPLEMENTATIONS = YES;
				CLANG_WARN_DIRECT_OBJC_ISA_USAGE = YES_ERROR;
				CLANG_WARN_DOCUMENTATION_COMMENTS = YES;
				CLANG_WARN_EMPTY_BODY = YES;
				CLANG_WARN_ENUM_CONVERSION = YES;
				CLANG_WARN_INFINITE_RECURSION = YES;
				CLANG_WARN_INT_CONVERSION = YES;
				CLANG_WARN_NON_LITERAL_NULL_CONVERSION = YES;
				CLANG_WARN_OBJC_IMPLICIT_RETAIN_SELF = YES;
				CLANG_WARN_OBJC_LITERAL_CONVERSION = YES;
				CLANG_WARN_OBJC_ROOT_CLASS = YES_ERROR;
				CLANG_WARN_RANGE_LOOP_ANALYSIS = YES;
				CLANG_WARN_STRICT_PROTOTYPES = YES;
				CLANG_WARN_SUSPICIOUS_MOVE = YES;
				CLANG_WARN_UNGUARDED_AVAILABILITY = YES_AGGRESSIVE;
				CLANG_WARN_UNREACHABLE_CODE = YES;
				CLANG_WARN__DUPLICATE_METHOD_MATCH = YES;
				COPY_PHASE_STRIP = NO;
				DEBUG_INFORMATION_FORMAT = dwarf;
				ENABLE_STRICT_OBJC_MSGSEND = YES;
				ENABLE_TESTABILITY = YES;
				GCC_C_LANGUAGE_STANDARD = gnu11;
				GCC_DYNAMIC_NO_PIC = NO;
				GCC_NO_COMMON_BLOCKS = YES;
				GCC_OPTIMIZATION_LEVEL = 0;
				GCC_PREPROCESSOR_DEFINITIONS = (
					"DEBUG=1",
					"$(inherited)",
				);
				GCC_WARN_64_TO_32_BIT_CONVERSION = YES;
				GCC_WARN_ABOUT_RETURN_TYPE = YES_ERROR;
				GCC_WARN_UNDECLARED_SELECTOR = YES;
				GCC_WARN_UNINITIALIZED_AUTOS = YES_AGGRESSIVE;
				GCC_WARN_UNUSED_FUNCTION = YES;
				GCC_WARN_UNUSED_VARIABLE = YES;
				IPHONEOS_DEPLOYMENT_TARGET = 13.2;
				MTL_ENABLE_DEBUG_INFO = INCLUDE_SOURCE;
				MTL_FAST_MATH = YES;
				ONLY_ACTIVE_ARCH = YES;
				SDKROOT = iphoneos;
				SWIFT_ACTIVE_COMPILATION_CONDITIONS = DEBUG;
				SWIFT_OPTIMIZATION_LEVEL = "-Onone";
			};
			name = Debug;
		};
		EBD9BA2C246C3E1700B984C6 /* Release */ = {
			isa = XCBuildConfiguration;
			buildSettings = {
				ALWAYS_SEARCH_USER_PATHS = NO;
				CLANG_ANALYZER_NONNULL = YES;
				CLANG_ANALYZER_NUMBER_OBJECT_CONVERSION = YES_AGGRESSIVE;
				CLANG_CXX_LANGUAGE_STANDARD = "gnu++14";
				CLANG_CXX_LIBRARY = "libc++";
				CLANG_ENABLE_MODULES = YES;
				CLANG_ENABLE_OBJC_ARC = YES;
				CLANG_ENABLE_OBJC_WEAK = YES;
				CLANG_WARN_BLOCK_CAPTURE_AUTORELEASING = YES;
				CLANG_WARN_BOOL_CONVERSION = YES;
				CLANG_WARN_COMMA = YES;
				CLANG_WARN_CONSTANT_CONVERSION = YES;
				CLANG_WARN_DEPRECATED_OBJC_IMPLEMENTATIONS = YES;
				CLANG_WARN_DIRECT_OBJC_ISA_USAGE = YES_ERROR;
				CLANG_WARN_DOCUMENTATION_COMMENTS = YES;
				CLANG_WARN_EMPTY_BODY = YES;
				CLANG_WARN_ENUM_CONVERSION = YES;
				CLANG_WARN_INFINITE_RECURSION = YES;
				CLANG_WARN_INT_CONVERSION = YES;
				CLANG_WARN_NON_LITERAL_NULL_CONVERSION = YES;
				CLANG_WARN_OBJC_IMPLICIT_RETAIN_SELF = YES;
				CLANG_WARN_OBJC_LITERAL_CONVERSION = YES;
				CLANG_WARN_OBJC_ROOT_CLASS = YES_ERROR;
				CLANG_WARN_RANGE_LOOP_ANALYSIS = YES;
				CLANG_WARN_STRICT_PROTOTYPES = YES;
				CLANG_WARN_SUSPICIOUS_MOVE = YES;
				CLANG_WARN_UNGUARDED_AVAILABILITY = YES_AGGRESSIVE;
				CLANG_WARN_UNREACHABLE_CODE = YES;
				CLANG_WARN__DUPLICATE_METHOD_MATCH = YES;
				COPY_PHASE_STRIP = NO;
				DEBUG_INFORMATION_FORMAT = "dwarf-with-dsym";
				ENABLE_NS_ASSERTIONS = NO;
				ENABLE_STRICT_OBJC_MSGSEND = YES;
				GCC_C_LANGUAGE_STANDARD = gnu11;
				GCC_NO_COMMON_BLOCKS = YES;
				GCC_WARN_64_TO_32_BIT_CONVERSION = YES;
				GCC_WARN_ABOUT_RETURN_TYPE = YES_ERROR;
				GCC_WARN_UNDECLARED_SELECTOR = YES;
				GCC_WARN_UNINITIALIZED_AUTOS = YES_AGGRESSIVE;
				GCC_WARN_UNUSED_FUNCTION = YES;
				GCC_WARN_UNUSED_VARIABLE = YES;
				IPHONEOS_DEPLOYMENT_TARGET = 13.2;
				MTL_ENABLE_DEBUG_INFO = NO;
				MTL_FAST_MATH = YES;
				SDKROOT = iphoneos;
				SWIFT_COMPILATION_MODE = wholemodule;
				SWIFT_OPTIMIZATION_LEVEL = "-O";
				VALIDATE_PRODUCT = YES;
			};
			name = Release;
		};
		EBD9BA2E246C3E1700B984C6 /* Debug */ = {
			isa = XCBuildConfiguration;
			buildSettings = {
				ASSETCATALOG_COMPILER_APPICON_NAME = AppIcon;
				CODE_SIGN_STYLE = Automatic;
				DEVELOPMENT_TEAM = PA8K389HDA;
				INFOPLIST_FILE = 01MyMemory/Info.plist;
				LD_RUNPATH_SEARCH_PATHS = (
					"$(inherited)",
					"@executable_path/Frameworks",
				);
				PRODUCT_BUNDLE_IDENTIFIER = "com.kmy.-1MyMemory";
				PRODUCT_NAME = "$(TARGET_NAME)";
				SWIFT_VERSION = 5.0;
				TARGETED_DEVICE_FAMILY = "1,2";
			};
			name = Debug;
		};
		EBD9BA2F246C3E1700B984C6 /* Release */ = {
			isa = XCBuildConfiguration;
			buildSettings = {
				ASSETCATALOG_COMPILER_APPICON_NAME = AppIcon;
				CODE_SIGN_STYLE = Automatic;
				DEVELOPMENT_TEAM = PA8K389HDA;
				INFOPLIST_FILE = 01MyMemory/Info.plist;
				LD_RUNPATH_SEARCH_PATHS = (
					"$(inherited)",
					"@executable_path/Frameworks",
				);
				PRODUCT_BUNDLE_IDENTIFIER = "com.kmy.-1MyMemory";
				PRODUCT_NAME = "$(TARGET_NAME)";
				SWIFT_VERSION = 5.0;
				TARGETED_DEVICE_FAMILY = "1,2";
			};
			name = Release;
		};
/* End XCBuildConfiguration section */

/* Begin XCConfigurationList section */
		EBD9BA11246C3E1600B984C6 /* Build configuration list for PBXProject "01MyMemory" */ = {
			isa = XCConfigurationList;
			buildConfigurations = (
				EBD9BA2B246C3E1700B984C6 /* Debug */,
				EBD9BA2C246C3E1700B984C6 /* Release */,
			);
			defaultConfigurationIsVisible = 0;
			defaultConfigurationName = Release;
		};
		EBD9BA2D246C3E1700B984C6 /* Build configuration list for PBXNativeTarget "01MyMemory" */ = {
			isa = XCConfigurationList;
			buildConfigurations = (
				EBD9BA2E246C3E1700B984C6 /* Debug */,
				EBD9BA2F246C3E1700B984C6 /* Release */,
			);
			defaultConfigurationIsVisible = 0;
			defaultConfigurationName = Release;
		};
/* End XCConfigurationList section */

/* Begin XCVersionGroup section */
		EBD9BA22246C3E1600B984C6 /* _1MyMemory.xcdatamodeld */ = {
			isa = XCVersionGroup;
			children = (
				EBD9BA23246C3E1600B984C6 /* _1MyMemory.xcdatamodel */,
			);
			currentVersion = EBD9BA23246C3E1600B984C6 /* _1MyMemory.xcdatamodel */;
			path = _1MyMemory.xcdatamodeld;
			sourceTree = "<group>";
			versionGroupType = wrapper.xcdatamodel;
		};
/* End XCVersionGroup section */
	};
	rootObject = EBD9BA0E246C3E1600B984C6 /* Project object */;
}
